
Microsoft Visual Studio Solution File, Format Version 12.00
# Visual Studio Version 17
VisualStudioVersion = 17.4.33122.133
MinimumVisualStudioVersion = 10.0.40219.1
Project("{FAE04EC0-301F-11D3-BF4B-00C04F79EFBC}") = "IWantApp", "IWantApp.csproj", "{F209F700-6E54-48E9-904D-CDCDD5A95CBC}"
EndProject
Global
	GlobalSection(SolutionConfigurationPlatforms) = preSolution
		Debug|Any CPU = Debug|Any CPU
		Release|Any CPU = Release|Any CPU
	EndGlobalSection
	GlobalSection(ProjectConfigurationPlatforms) = postSolution
		{F209F700-6E54-48E9-904D-CDCDD5A95CBC}.Debug|Any CPU.ActiveCfg = Debug|Any CPU
		{F209F700-6E54-48E9-904D-CDCDD5A95CBC}.Debug|Any CPU.Build.0 = Debug|Any CPU
		{F209F700-6E54-48E9-904D-CDCDD5A95CBC}.Release|Any CPU.ActiveCfg = Release|Any CPU
		{F209F700-6E54-48E9-904D-CDCDD5A95CBC}.Release|Any CPU.Build.0 = Release|Any CPU
	EndGlobalSection
	GlobalSection(SolutionProperties) = preSolution
		HideSolutionNode = FALSE
	EndGlobalSection
	GlobalSection(ExtensibilityGlobals) = postSolution
		SolutionGuid = {E0C4410F-C130-4907-9767-44D529188C8C}
	EndGlobalSection
EndGlobal
